// !$*UTF8*$!
{
	archiveVersion = 1;
	classes = {
	};
	objectVersion = 50;
	objects = {

/* Begin PBXBuildFile section */
		88EAD77E23EEB5A700EA2EA3 /* AppDelegate.swift in Sources */ = {isa = PBXBuildFile; fileRef = 88EAD77D23EEB5A700EA2EA3 /* AppDelegate.swift */; };
		88EAD78023EEB5A700EA2EA3 /* SceneDelegate.swift in Sources */ = {isa = PBXBuildFile; fileRef = 88EAD77F23EEB5A700EA2EA3 /* SceneDelegate.swift */; };
		88EAD78223EEB5A700EA2EA3 /* FirstViewController.swift in Sources */ = {isa = PBXBuildFile; fileRef = 88EAD78123EEB5A700EA2EA3 /* FirstViewController.swift */; };
		88EAD78423EEB5A700EA2EA3 /* SecondViewController.swift in Sources */ = {isa = PBXBuildFile; fileRef = 88EAD78323EEB5A700EA2EA3 /* SecondViewController.swift */; };
		88EAD78723EEB5A700EA2EA3 /* Main.storyboard in Resources */ = {isa = PBXBuildFile; fileRef = 88EAD78523EEB5A700EA2EA3 /* Main.storyboard */; };
		88EAD78923EEB5A900EA2EA3 /* Assets.xcassets in Resources */ = {isa = PBXBuildFile; fileRef = 88EAD78823EEB5A900EA2EA3 /* Assets.xcassets */; };
		88EAD78C23EEB5A900EA2EA3 /* LaunchScreen.storyboard in Resources */ = {isa = PBXBuildFile; fileRef = 88EAD78A23EEB5A900EA2EA3 /* LaunchScreen.storyboard */; };
		88EAD79423EEB7A300EA2EA3 /* ThirdViewController.swift in Sources */ = {isa = PBXBuildFile; fileRef = 88EAD79323EEB7A300EA2EA3 /* ThirdViewController.swift */; };
/* End PBXBuildFile section */

/* Begin PBXFileReference section */
		88EAD77A23EEB5A700EA2EA3 /* Tabbed App Example.app */ = {isa = PBXFileReference; explicitFileType = wrapper.application; includeInIndex = 0; path = "Tabbed App Example.app"; sourceTree = BUILT_PRODUCTS_DIR; };
		88EAD77D23EEB5A700EA2EA3 /* AppDelegate.swift */ = {isa = PBXFileReference; lastKnownFileType = sourcecode.swift; path = AppDelegate.swift; sourceTree = "<group>"; };
		88EAD77F23EEB5A700EA2EA3 /* SceneDelegate.swift */ = {isa = PBXFileReference; lastKnownFileType = sourcecode.swift; path = SceneDelegate.swift; sourceTree = "<group>"; };
		88EAD78123EEB5A700EA2EA3 /* FirstViewController.swift */ = {isa = PBXFileReference; lastKnownFileType = sourcecode.swift; path = FirstViewController.swift; sourceTree = "<group>"; };
		88EAD78323EEB5A700EA2EA3 /* SecondViewController.swift */ = {isa = PBXFileReference; lastKnownFileType = sourcecode.swift; path = SecondViewController.swift; sourceTree = "<group>"; };
		88EAD78623EEB5A700EA2EA3 /* Base */ = {isa = PBXFileReference; lastKnownFileType = file.storyboard; name = Base; path = Base.lproj/Main.storyboard; sourceTree = "<group>"; };
		88EAD78823EEB5A900EA2EA3 /* Assets.xcassets */ = {isa = PBXFileReference; lastKnownFileType = folder.assetcatalog; path = Assets.xcassets; sourceTree = "<group>"; };
		88EAD78B23EEB5A900EA2EA3 /* Base */ = {isa = PBXFileReference; lastKnownFileType = file.storyboard; name = Base; path = Base.lproj/LaunchScreen.storyboard; sourceTree = "<group>"; };
		88EAD78D23EEB5A900EA2EA3 /* Info.plist */ = {isa = PBXFileReference; lastKnownFileType = text.plist.xml; path = Info.plist; sourceTree = "<group>"; };
		88EAD79323EEB7A300EA2EA3 /* ThirdViewController.swift */ = {isa = PBXFileReference; lastKnownFileType = sourcecode.swift; path = ThirdViewController.swift; sourceTree = "<group>"; };
/* End PBXFileReference section */

/* Begin PBXFrameworksBuildPhase section */
		88EAD77723EEB5A700EA2EA3 /* Frameworks */ = {
			isa = PBXFrameworksBuildPhase;
			buildActionMask = 2147483647;
			files = (
			);
			runOnlyForDeploymentPostprocessing = 0;
		};
/* End PBXFrameworksBuildPhase section */

/* Begin PBXGroup section */
		88EAD77123EEB5A700EA2EA3 = {
			isa = PBXGroup;
			children = (
				88EAD77C23EEB5A700EA2EA3 /* Tabbed App Example */,
				88EAD77B23EEB5A700EA2EA3 /* Products */,
			);
			sourceTree = "<group>";
		};
		88EAD77B23EEB5A700EA2EA3 /* Products */ = {
			isa = PBXGroup;
			children = (
				88EAD77A23EEB5A700EA2EA3 /* Tabbed App Example.app */,
			);
			name = Products;
			sourceTree = "<group>";
		};
		88EAD77C23EEB5A700EA2EA3 /* Tabbed App Example */ = {
			isa = PBXGroup;
			children = (
				88EAD77D23EEB5A700EA2EA3 /* AppDelegate.swift */,
				88EAD77F23EEB5A700EA2EA3 /* SceneDelegate.swift */,
				88EAD78123EEB5A700EA2EA3 /* FirstViewController.swift */,
				88EAD78323EEB5A700EA2EA3 /* SecondViewController.swift */,
				88EAD78523EEB5A700EA2EA3 /* Main.storyboard */,
				88EAD79323EEB7A300EA2EA3 /* ThirdViewController.swift */,
				88EAD78823EEB5A900EA2EA3 /* Assets.xcassets */,
				88EAD78A23EEB5A900EA2EA3 /* LaunchScreen.storyboard */,
				88EAD78D23EEB5A900EA2EA3 /* Info.plist */,
			);
			path = "Tabbed App Example";
			sourceTree = "<group>";
		};
/* End PBXGroup section */

/* Begin PBXNativeTarget section */
		88EAD77923EEB5A700EA2EA3 /* Tabbed App Example */ = {
			isa = PBXNativeTarget;
			buildConfigurationList = 88EAD79023EEB5A900EA2EA3 /* Build configuration list for PBXNativeTarget "Tabbed App Example" */;
			buildPhases = (
				88EAD77623EEB5A700EA2EA3 /* Sources */,
				88EAD77723EEB5A700EA2EA3 /* Frameworks */,
				88EAD77823EEB5A700EA2EA3 /* Resources */,
			);
			buildRules = (
			);
			dependencies = (
			);
			name = "Tabbed App Example";
			productName = "Tabbed App Example";
			productReference = 88EAD77A23EEB5A700EA2EA3 /* Tabbed App Example.app */;
			productType = "com.apple.product-type.application";
		};
/* End PBXNativeTarget section */

/* Begin PBXProject section */
		88EAD77223EEB5A700EA2EA3 /* Project object */ = {
			isa = PBXProject;
			attributes = {
				LastSwiftUpdateCheck = 1130;
				LastUpgradeCheck = 1130;
				ORGANIZATIONNAME = "Ivailo Alexandrov";
				TargetAttributes = {
					88EAD77923EEB5A700EA2EA3 = {
						CreatedOnToolsVersion = 11.3.1;
					};
				};
			};
			buildConfigurationList = 88EAD77523EEB5A700EA2EA3 /* Build configuration list for PBXProject "Tabbed App Example" */;
			compatibilityVersion = "Xcode 9.3";
			developmentRegion = en;
			hasScannedForEncodings = 0;
			knownRegions = (
				en,
				Base,
			);
			mainGroup = 88EAD77123EEB5A700EA2EA3;
			productRefGroup = 88EAD77B23EEB5A700EA2EA3 /* Products */;
			projectDirPath = "";
			projectRoot = "";
			targets = (
				88EAD77923EEB5A700EA2EA3 /* Tabbed App Example */,
			);
		};
/* End PBXProject section */

/* Begin PBXResourcesBuildPhase section */
		88EAD77823EEB5A700EA2EA3 /* Resources */ = {
			isa = PBXResourcesBuildPhase;
			buildActionMask = 2147483647;
			files = (
				88EAD78C23EEB5A900EA2EA3 /* LaunchScreen.storyboard in Resources */,
				88EAD78923EEB5A900EA2EA3 /* Assets.xcassets in Resources */,
				88EAD78723EEB5A700EA2EA3 /* Main.storyboard in Resources */,
			);
			runOnlyForDeploymentPostprocessing = 0;
		};
/* End PBXResourcesBuildPhase section */

/* Begin PBXSourcesBuildPhase section */
		88EAD77623EEB5A700EA2EA3 /* Sources */ = {
			isa = PBXSourcesBuildPhase;
			buildActionMask = 2147483647;
			files = (
				88EAD78423EEB5A700EA2EA3 /* SecondViewController.swift in Sources */,
				88EAD78223EEB5A700EA2EA3 /* FirstViewController.swift in Sources */,
				88EAD79423EEB7A300EA2EA3 /* ThirdViewController.swift in Sources */,
				88EAD77E23EEB5A700EA2EA3 /* AppDelegate.swift in Sources */,
				88EAD78023EEB5A700EA2EA3 /* SceneDelegate.swift in Sources */,
			);
			runOnlyForDeploymentPostprocessing = 0;
		};
/* End PBXSourcesBuildPhase section */

/* Begin PBXVariantGroup section */
		88EAD78523EEB5A700EA2EA3 /* Main.storyboard */ = {
			isa = PBXVariantGroup;
			children = (
				88EAD78623EEB5A700EA2EA3 /* Base */,
			);
			name = Main.storyboard;
			sourceTree = "<group>";
		};
		88EAD78A23EEB5A900EA2EA3 /* LaunchScreen.storyboard */ = {
			isa = PBXVariantGroup;
			children = (
				88EAD78B23EEB5A900EA2EA3 /* Base */,
			);
			name = LaunchScreen.storyboard;
			sourceTree = "<group>";
		};
/* End PBXVariantGroup section */

/* Begin XCBuildConfiguration section */
		88EAD78E23EEB5A900EA2EA3 /* Debug */ = {
			isa = XCBuildConfiguration;
			buildSettings = {
				ALWAYS_SEARCH_USER_PATHS = NO;
				CLANG_ANALYZER_NONNULL = YES;
				CLANG_ANALYZER_NUMBER_OBJECT_CONVERSION = YES_AGGRESSIVE;
				CLANG_CXX_LANGUAGE_STANDARD = "gnu++14";
				CLANG_CXX_LIBRARY = "libc++";
				CLANG_ENABLE_MODULES = YES;
				CLANG_ENABLE_OBJC_ARC = YES;
				CLANG_ENABLE_OBJC_WEAK = YES;
				CLANG_WARN_BLOCK_CAPTURE_AUTORELEASING = YES;
				CLANG_WARN_BOOL_CONVERSION = YES;
				CLANG_WARN_COMMA = YES;
				CLANG_WARN_CONSTANT_CONVERSION = YES;
				CLANG_WARN_DEPRECATED_OBJC_IMPLEMENTATIONS = YES;
				CLANG_WARN_DIRECT_OBJC_ISA_USAGE = YES_ERROR;
				CLANG_WARN_DOCUMENTATION_COMMENTS = YES;
				CLANG_WARN_EMPTY_BODY = YES;
				CLANG_WARN_ENUM_CONVERSION = YES;
				CLANG_WARN_INFINITE_RECURSION = YES;
				CLANG_WARN_INT_CONVERSION = YES;
				CLANG_WARN_NON_LITERAL_NULL_CONVERSION = YES;
				CLANG_WARN_OBJC_IMPLICIT_RETAIN_SELF = YES;
				CLANG_WARN_OBJC_LITERAL_CONVERSION = YES;
				CLANG_WARN_OBJC_ROOT_CLASS = YES_ERROR;
				CLANG_WARN_RANGE_LOOP_ANALYSIS = YES;
				CLANG_WARN_STRICT_PROTOTYPES = YES;
				CLANG_WARN_SUSPICIOUS_MOVE = YES;
				CLANG_WARN_UNGUARDED_AVAILABILITY = YES_AGGRESSIVE;
				CLANG_WARN_UNREACHABLE_CODE = YES;
				CLANG_WARN__DUPLICATE_METHOD_MATCH = YES;
				COPY_PHASE_STRIP = NO;
				DEBUG_INFORMATION_FORMAT = dwarf;
				ENABLE_STRICT_OBJC_MSGSEND = YES;
				ENABLE_TESTABILITY = YES;
				GCC_C_LANGUAGE_STANDARD = gnu11;
				GCC_DYNAMIC_NO_PIC = NO;
				GCC_NO_COMMON_BLOCKS = YES;
				GCC_OPTIMIZATION_LEVEL = 0;
				GCC_PREPROCESSOR_DEFINITIONS = (
					"DEBUG=1",
					"$(inherited)",
				);
				GCC_WARN_64_TO_32_BIT_CONVERSION = YES;
				GCC_WARN_ABOUT_RETURN_TYPE = YES_ERROR;
				GCC_WARN_UNDECLARED_SELECTOR = YES;
				GCC_WARN_UNINITIALIZED_AUTOS = YES_AGGRESSIVE;
				GCC_WARN_UNUSED_FUNCTION = YES;
				GCC_WARN_UNUSED_VARIABLE = YES;
				IPHONEOS_DEPLOYMENT_TARGET = 13.2;
				MTL_ENABLE_DEBUG_INFO = INCLUDE_SOURCE;
				MTL_FAST_MATH = YES;
				ONLY_ACTIVE_ARCH = YES;
				SDKROOT = iphoneos;
				SWIFT_ACTIVE_COMPILATION_CONDITIONS = DEBUG;
				SWIFT_OPTIMIZATION_LEVEL = "-Onone";
			};
			name = Debug;
		};
		88EAD78F23EEB5A900EA2EA3 /* Release */ = {
			isa = XCBuildConfiguration;
			buildSettings = {
				ALWAYS_SEARCH_USER_PATHS = NO;
				CLANG_ANALYZER_NONNULL = YES;
				CLANG_ANALYZER_NUMBER_OBJECT_CONVERSION = YES_AGGRESSIVE;
				CLANG_CXX_LANGUAGE_STANDARD = "gnu++14";
				CLANG_CXX_LIBRARY = "libc++";
				CLANG_ENABLE_MODULES = YES;
				CLANG_ENABLE_OBJC_ARC = YES;
				CLANG_ENABLE_OBJC_WEAK = YES;
				CLANG_WARN_BLOCK_CAPTURE_AUTORELEASING = YES;
				CLANG_WARN_BOOL_CONVERSION = YES;
				CLANG_WARN_COMMA = YES;
				CLANG_WARN_CONSTANT_CONVERSION = YES;
				CLANG_WARN_DEPRECATED_OBJC_IMPLEMENTATIONS = YES;
				CLANG_WARN_DIRECT_OBJC_ISA_USAGE = YES_ERROR;
				CLANG_WARN_DOCUMENTATION_COMMENTS = YES;
				CLANG_WARN_EMPTY_BODY = YES;
				CLANG_WARN_ENUM_CONVERSION = YES;
				CLANG_WARN_INFINITE_RECURSION = YES;
				CLANG_WARN_INT_CONVERSION = YES;
				CLANG_WARN_NON_LITERAL_NULL_CONVERSION = YES;
				CLANG_WARN_OBJC_IMPLICIT_RETAIN_SELF = YES;
				CLANG_WARN_OBJC_LITERAL_CONVERSION = YES;
				CLANG_WARN_OBJC_ROOT_CLASS = YES_ERROR;
				CLANG_WARN_RANGE_LOOP_ANALYSIS = YES;
				CLANG_WARN_STRICT_PROTOTYPES = YES;
				CLANG_WARN_SUSPICIOUS_MOVE = YES;
				CLANG_WARN_UNGUARDED_AVAILABILITY = YES_AGGRESSIVE;
				CLANG_WARN_UNREACHABLE_CODE = YES;
				CLANG_WARN__DUPLICATE_METHOD_MATCH = YES;
				COPY_PHASE_STRIP = NO;
				DEBUG_INFORMATION_FORMAT = "dwarf-with-dsym";
				ENABLE_NS_ASSERTIONS = NO;
				ENABLE_STRICT_OBJC_MSGSEND = YES;
				GCC_C_LANGUAGE_STANDARD = gnu11;
				GCC_NO_COMMON_BLOCKS = YES;
				GCC_WARN_64_TO_32_BIT_CONVERSION = YES;
				GCC_WARN_ABOUT_RETURN_TYPE = YES_ERROR;
				GCC_WARN_UNDECLARED_SELECTOR = YES;
				GCC_WARN_UNINITIALIZED_AUTOS = YES_AGGRESSIVE;
				GCC_WARN_UNUSED_FUNCTION = YES;
				GCC_WARN_UNUSED_VARIABLE = YES;
				IPHONEOS_DEPLOYMENT_TARGET = 13.2;
				MTL_ENABLE_DEBUG_INFO = NO;
				MTL_FAST_MATH = YES;
				SDKROOT = iphoneos;
				SWIFT_COMPILATION_MODE = wholemodule;
				SWIFT_OPTIMIZATION_LEVEL = "-O";
				VALIDATE_PRODUCT = YES;
			};
			name = Release;
		};
		88EAD79123EEB5A900EA2EA3 /* Debug */ = {
			isa = XCBuildConfiguration;
			buildSettings = {
				ASSETCATALOG_COMPILER_APPICON_NAME = AppIcon;
				CODE_SIGN_STYLE = Automatic;
				INFOPLIST_FILE = "Tabbed App Example/Info.plist";
				LD_RUNPATH_SEARCH_PATHS = (
					"$(inherited)",
					"@executable_path/Frameworks",
				);
				PRODUCT_BUNDLE_IDENTIFIER = "com.ivailoalexandrov.Tabbed-App-Example";
				PRODUCT_NAME = "$(TARGET_NAME)";
				SWIFT_VERSION = 5.0;
				TARGETED_DEVICE_FAMILY = "1,2";
			};
			name = Debug;
		};
		88EAD79223EEB5A900EA2EA3 /* Release */ = {
			isa = XCBuildConfiguration;
			buildSettings = {
				ASSETCATALOG_COMPILER_APPICON_NAME = AppIcon;
				CODE_SIGN_STYLE = Automatic;
				INFOPLIST_FILE = "Tabbed App Example/Info.plist";
				LD_RUNPATH_SEARCH_PATHS = (
					"$(inherited)",
					"@executable_path/Frameworks",
				);
				PRODUCT_BUNDLE_IDENTIFIER = "com.ivailoalexandrov.Tabbed-App-Example";
				PRODUCT_NAME = "$(TARGET_NAME)";
				SWIFT_VERSION = 5.0;
				TARGETED_DEVICE_FAMILY = "1,2";
			};
			name = Release;
		};
/* End XCBuildConfiguration section */

/* Begin XCConfigurationList section */
		88EAD77523EEB5A700EA2EA3 /* Build configuration list for PBXProject "Tabbed App Example" */ = {
			isa = XCConfigurationList;
			buildConfigurations = (
				88EAD78E23EEB5A900EA2EA3 /* Debug */,
				88EAD78F23EEB5A900EA2EA3 /* Release */,
			);
			defaultConfigurationIsVisible = 0;
			defaultConfigurationName = Release;
		};
		88EAD79023EEB5A900EA2EA3 /* Build configuration list for PBXNativeTarget "Tabbed App Example" */ = {
			isa = XCConfigurationList;
			buildConfigurations = (
				88EAD79123EEB5A900EA2EA3 /* Debug */,
				88EAD79223EEB5A900EA2EA3 /* Release */,
			);
			defaultConfigurationIsVisible = 0;
			defaultConfigurationName = Release;
		};
/* End XCConfigurationList section */
	};
	rootObject = 88EAD77223EEB5A700EA2EA3 /* Project object */;
}
